// !$*UTF8*$!
{
	archiveVersion = 1;
	classes = {
	};
	objectVersion = 48;
	objects = {

/* Begin PBXBuildFile section */
		BCFB8BE4204FC05900761379 /* AppDelegate.swift in Sources */ = {isa = PBXBuildFile; fileRef = BCFB8BE3204FC05900761379 /* AppDelegate.swift */; };
		BCFB8BE6204FC05900761379 /* ViewController.swift in Sources */ = {isa = PBXBuildFile; fileRef = BCFB8BE5204FC05900761379 /* ViewController.swift */; };
		BCFB8BE9204FC05900761379 /* Main.storyboard in Resources */ = {isa = PBXBuildFile; fileRef = BCFB8BE7204FC05900761379 /* Main.storyboard */; };
		BCFB8BEB204FC05900761379 /* Assets.xcassets in Resources */ = {isa = PBXBuildFile; fileRef = BCFB8BEA204FC05900761379 /* Assets.xcassets */; };
		BCFB8BEE204FC05900761379 /* LaunchScreen.storyboard in Resources */ = {isa = PBXBuildFile; fileRef = BCFB8BEC204FC05900761379 /* LaunchScreen.storyboard */; };
		BCFB8BFA204FCC5900761379 /* Basic.swift in Sources */ = {isa = PBXBuildFile; fileRef = BCFB8BF9204FCC5900761379 /* Basic.swift */; };
/* End PBXBuildFile section */

/* Begin PBXFileReference section */
		BCFB8BE0204FC05900761379 /* SwiftGrammar.app */ = {isa = PBXFileReference; explicitFileType = wrapper.application; includeInIndex = 0; path = SwiftGrammar.app; sourceTree = BUILT_PRODUCTS_DIR; };
		BCFB8BE3204FC05900761379 /* AppDelegate.swift */ = {isa = PBXFileReference; lastKnownFileType = sourcecode.swift; path = AppDelegate.swift; sourceTree = "<group>"; };
		BCFB8BE5204FC05900761379 /* ViewController.swift */ = {isa = PBXFileReference; lastKnownFileType = sourcecode.swift; path = ViewController.swift; sourceTree = "<group>"; };
		BCFB8BE8204FC05900761379 /* Base */ = {isa = PBXFileReference; lastKnownFileType = file.storyboard; name = Base; path = Base.lproj/Main.storyboard; sourceTree = "<group>"; };
		BCFB8BEA204FC05900761379 /* Assets.xcassets */ = {isa = PBXFileReference; lastKnownFileType = folder.assetcatalog; path = Assets.xcassets; sourceTree = "<group>"; };
		BCFB8BED204FC05900761379 /* Base */ = {isa = PBXFileReference; lastKnownFileType = file.storyboard; name = Base; path = Base.lproj/LaunchScreen.storyboard; sourceTree = "<group>"; };
		BCFB8BEF204FC05900761379 /* Info.plist */ = {isa = PBXFileReference; lastKnownFileType = text.plist.xml; path = Info.plist; sourceTree = "<group>"; };
		BCFB8BF9204FCC5900761379 /* Basic.swift */ = {isa = PBXFileReference; lastKnownFileType = sourcecode.swift; path = Basic.swift; sourceTree = "<group>"; };
/* End PBXFileReference section */

/* Begin PBXFrameworksBuildPhase section */
		BCFB8BDD204FC05900761379 /* Frameworks */ = {
			isa = PBXFrameworksBuildPhase;
			buildActionMask = 2147483647;
			files = (
			);
			runOnlyForDeploymentPostprocessing = 0;
		};
/* End PBXFrameworksBuildPhase section */

/* Begin PBXGroup section */
		BCFB8BD7204FC05900761379 = {
			isa = PBXGroup;
			children = (
				BCFB8BE2204FC05900761379 /* SwiftGrammar */,
				BCFB8BE1204FC05900761379 /* Products */,
			);
			sourceTree = "<group>";
		};
		BCFB8BE1204FC05900761379 /* Products */ = {
			isa = PBXGroup;
			children = (
				BCFB8BE0204FC05900761379 /* SwiftGrammar.app */,
			);
			name = Products;
			sourceTree = "<group>";
		};
		BCFB8BE2204FC05900761379 /* SwiftGrammar */ = {
			isa = PBXGroup;
			children = (
				BCFB8BF7204FC4F400761379 /* 1基础部分 */,
				BCFB8BF8204FC52700761379 /* Other */,
			);
			path = SwiftGrammar;
			sourceTree = "<group>";
		};
		BCFB8BF7204FC4F400761379 /* 1基础部分 */ = {
			isa = PBXGroup;
			children = (
				BCFB8BF9204FCC5900761379 /* Basic.swift */,
			);
			path = "1基础部分";
			sourceTree = "<group>";
		};
		BCFB8BF8204FC52700761379 /* Other */ = {
			isa = PBXGroup;
			children = (
				BCFB8BE3204FC05900761379 /* AppDelegate.swift */,
				BCFB8BE5204FC05900761379 /* ViewController.swift */,
				BCFB8BE7204FC05900761379 /* Main.storyboard */,
				BCFB8BEA204FC05900761379 /* Assets.xcassets */,
				BCFB8BEC204FC05900761379 /* LaunchScreen.storyboard */,
				BCFB8BEF204FC05900761379 /* Info.plist */,
			);
			path = Other;
			sourceTree = "<group>";
		};
/* End PBXGroup section */

/* Begin PBXNativeTarget section */
		BCFB8BDF204FC05900761379 /* SwiftGrammar */ = {
			isa = PBXNativeTarget;
			buildConfigurationList = BCFB8BF2204FC05900761379 /* Build configuration list for PBXNativeTarget "SwiftGrammar" */;
			buildPhases = (
				BCFB8BDC204FC05900761379 /* Sources */,
				BCFB8BDD204FC05900761379 /* Frameworks */,
				BCFB8BDE204FC05900761379 /* Resources */,
			);
			buildRules = (
			);
			dependencies = (
			);
			name = SwiftGrammar;
			productName = SwiftGrammar;
			productReference = BCFB8BE0204FC05900761379 /* SwiftGrammar.app */;
			productType = "com.apple.product-type.application";
		};
/* End PBXNativeTarget section */

/* Begin PBXProject section */
		BCFB8BD8204FC05900761379 /* Project object */ = {
			isa = PBXProject;
			attributes = {
				LastSwiftUpdateCheck = 0920;
				LastUpgradeCheck = 0920;
				ORGANIZATIONNAME = wushangkun;
				TargetAttributes = {
					BCFB8BDF204FC05900761379 = {
						CreatedOnToolsVersion = 9.2;
						ProvisioningStyle = Automatic;
					};
				};
			};
			buildConfigurationList = BCFB8BDB204FC05900761379 /* Build configuration list for PBXProject "SwiftGrammar" */;
			compatibilityVersion = "Xcode 8.0";
			developmentRegion = en;
			hasScannedForEncodings = 0;
			knownRegions = (
				en,
				Base,
			);
			mainGroup = BCFB8BD7204FC05900761379;
			productRefGroup = BCFB8BE1204FC05900761379 /* Products */;
			projectDirPath = "";
			projectRoot = "";
			targets = (
				BCFB8BDF204FC05900761379 /* SwiftGrammar */,
			);
		};
/* End PBXProject section */

/* Begin PBXResourcesBuildPhase section */
		BCFB8BDE204FC05900761379 /* Resources */ = {
			isa = PBXResourcesBuildPhase;
			buildActionMask = 2147483647;
			files = (
				BCFB8BEE204FC05900761379 /* LaunchScreen.storyboard in Resources */,
				BCFB8BEB204FC05900761379 /* Assets.xcassets in Resources */,
				BCFB8BE9204FC05900761379 /* Main.storyboard in Resources */,
			);
			runOnlyForDeploymentPostprocessing = 0;
		};
/* End PBXResourcesBuildPhase section */

/* Begin PBXSourcesBuildPhase section */
		BCFB8BDC204FC05900761379 /* Sources */ = {
			isa = PBXSourcesBuildPhase;
			buildActionMask = 2147483647;
			files = (
				BCFB8BE6204FC05900761379 /* ViewController.swift in Sources */,
				BCFB8BE4204FC05900761379 /* AppDelegate.swift in Sources */,
				BCFB8BFA204FCC5900761379 /* Basic.swift in Sources */,
			);
			runOnlyForDeploymentPostprocessing = 0;
		};
/* End PBXSourcesBuildPhase section */

/* Begin PBXVariantGroup section */
		BCFB8BE7204FC05900761379 /* Main.storyboard */ = {
			isa = PBXVariantGroup;
			children = (
				BCFB8BE8204FC05900761379 /* Base */,
			);
			name = Main.storyboard;
			sourceTree = "<group>";
		};
		BCFB8BEC204FC05900761379 /* LaunchScreen.storyboard */ = {
			isa = PBXVariantGroup;
			children = (
				BCFB8BED204FC05900761379 /* Base */,
			);
			name = LaunchScreen.storyboard;
			sourceTree = "<group>";
		};
/* End PBXVariantGroup section */

/* Begin XCBuildConfiguration section */
		BCFB8BF0204FC05900761379 /* Debug */ = {
			isa = XCBuildConfiguration;
			buildSettings = {
				ALWAYS_SEARCH_USER_PATHS = NO;
				CLANG_ANALYZER_NONNULL = YES;
				CLANG_ANALYZER_NUMBER_OBJECT_CONVERSION = YES_AGGRESSIVE;
				CLANG_CXX_LANGUAGE_STANDARD = "gnu++14";
				CLANG_CXX_LIBRARY = "libc++";
				CLANG_ENABLE_MODULES = YES;
				CLANG_ENABLE_OBJC_ARC = YES;
				CLANG_WARN_BLOCK_CAPTURE_AUTORELEASING = YES;
				CLANG_WARN_BOOL_CONVERSION = YES;
				CLANG_WARN_COMMA = YES;
				CLANG_WARN_CONSTANT_CONVERSION = YES;
				CLANG_WARN_DIRECT_OBJC_ISA_USAGE = YES_ERROR;
				CLANG_WARN_DOCUMENTATION_COMMENTS = YES;
				CLANG_WARN_EMPTY_BODY = YES;
				CLANG_WARN_ENUM_CONVERSION = YES;
				CLANG_WARN_INFINITE_RECURSION = YES;
				CLANG_WARN_INT_CONVERSION = YES;
				CLANG_WARN_NON_LITERAL_NULL_CONVERSION = YES;
				CLANG_WARN_OBJC_LITERAL_CONVERSION = YES;
				CLANG_WARN_OBJC_ROOT_CLASS = YES_ERROR;
				CLANG_WARN_RANGE_LOOP_ANALYSIS = YES;
				CLANG_WARN_STRICT_PROTOTYPES = YES;
				CLANG_WARN_SUSPICIOUS_MOVE = YES;
				CLANG_WARN_UNGUARDED_AVAILABILITY = YES_AGGRESSIVE;
				CLANG_WARN_UNREACHABLE_CODE = YES;
				CLANG_WARN__DUPLICATE_METHOD_MATCH = YES;
				CODE_SIGN_IDENTITY = "iPhone Developer";
				COPY_PHASE_STRIP = NO;
				DEBUG_INFORMATION_FORMAT = dwarf;
				ENABLE_STRICT_OBJC_MSGSEND = YES;
				ENABLE_TESTABILITY = YES;
				GCC_C_LANGUAGE_STANDARD = gnu11;
				GCC_DYNAMIC_NO_PIC = NO;
				GCC_NO_COMMON_BLOCKS = YES;
				GCC_OPTIMIZATION_LEVEL = 0;
				GCC_PREPROCESSOR_DEFINITIONS = (
					"DEBUG=1",
					"$(inherited)",
				);
				GCC_WARN_64_TO_32_BIT_CONVERSION = YES;
				GCC_WARN_ABOUT_RETURN_TYPE = YES_ERROR;
				GCC_WARN_UNDECLARED_SELECTOR = YES;
				GCC_WARN_UNINITIALIZED_AUTOS = YES_AGGRESSIVE;
				GCC_WARN_UNUSED_FUNCTION = YES;
				GCC_WARN_UNUSED_VARIABLE = YES;
				IPHONEOS_DEPLOYMENT_TARGET = 11.2;
				MTL_ENABLE_DEBUG_INFO = YES;
				ONLY_ACTIVE_ARCH = YES;
				SDKROOT = iphoneos;
				SWIFT_ACTIVE_COMPILATION_CONDITIONS = DEBUG;
				SWIFT_OPTIMIZATION_LEVEL = "-Onone";
			};
			name = Debug;
		};
		BCFB8BF1204FC05900761379 /* Release */ = {
			isa = XCBuildConfiguration;
			buildSettings = {
				ALWAYS_SEARCH_USER_PATHS = NO;
				CLANG_ANALYZER_NONNULL = YES;
				CLANG_ANALYZER_NUMBER_OBJECT_CONVERSION = YES_AGGRESSIVE;
				CLANG_CXX_LANGUAGE_STANDARD = "gnu++14";
				CLANG_CXX_LIBRARY = "libc++";
				CLANG_ENABLE_MODULES = YES;
				CLANG_ENABLE_OBJC_ARC = YES;
				CLANG_WARN_BLOCK_CAPTURE_AUTORELEASING = YES;
				CLANG_WARN_BOOL_CONVERSION = YES;
				CLANG_WARN_COMMA = YES;
				CLANG_WARN_CONSTANT_CONVERSION = YES;
				CLANG_WARN_DIRECT_OBJC_ISA_USAGE = YES_ERROR;
				CLANG_WARN_DOCUMENTATION_COMMENTS = YES;
				CLANG_WARN_EMPTY_BODY = YES;
				CLANG_WARN_ENUM_CONVERSION = YES;
				CLANG_WARN_INFINITE_RECURSION = YES;
				CLANG_WARN_INT_CONVERSION = YES;
				CLANG_WARN_NON_LITERAL_NULL_CONVERSION = YES;
				CLANG_WARN_OBJC_LITERAL_CONVERSION = YES;
				CLANG_WARN_OBJC_ROOT_CLASS = YES_ERROR;
				CLANG_WARN_RANGE_LOOP_ANALYSIS = YES;
				CLANG_WARN_STRICT_PROTOTYPES = YES;
				CLANG_WARN_SUSPICIOUS_MOVE = YES;
				CLANG_WARN_UNGUARDED_AVAILABILITY = YES_AGGRESSIVE;
				CLANG_WARN_UNREACHABLE_CODE = YES;
				CLANG_WARN__DUPLICATE_METHOD_MATCH = YES;
				CODE_SIGN_IDENTITY = "iPhone Developer";
				COPY_PHASE_STRIP = NO;
				DEBUG_INFORMATION_FORMAT = "dwarf-with-dsym";
				ENABLE_NS_ASSERTIONS = NO;
				ENABLE_STRICT_OBJC_MSGSEND = YES;
				GCC_C_LANGUAGE_STANDARD = gnu11;
				GCC_NO_COMMON_BLOCKS = YES;
				GCC_WARN_64_TO_32_BIT_CONVERSION = YES;
				GCC_WARN_ABOUT_RETURN_TYPE = YES_ERROR;
				GCC_WARN_UNDECLARED_SELECTOR = YES;
				GCC_WARN_UNINITIALIZED_AUTOS = YES_AGGRESSIVE;
				GCC_WARN_UNUSED_FUNCTION = YES;
				GCC_WARN_UNUSED_VARIABLE = YES;
				IPHONEOS_DEPLOYMENT_TARGET = 11.2;
				MTL_ENABLE_DEBUG_INFO = NO;
				SDKROOT = iphoneos;
				SWIFT_OPTIMIZATION_LEVEL = "-Owholemodule";
				VALIDATE_PRODUCT = YES;
			};
			name = Release;
		};
		BCFB8BF3204FC05900761379 /* Debug */ = {
			isa = XCBuildConfiguration;
			buildSettings = {
				ASSETCATALOG_COMPILER_APPICON_NAME = AppIcon;
				CODE_SIGN_STYLE = Automatic;
				DEVELOPMENT_TEAM = VZQR35B6NE;
				INFOPLIST_FILE = "$(SRCROOT)/SwiftGrammar/Other/Info.plist";
				IPHONEOS_DEPLOYMENT_TARGET = 9.0;
				LD_RUNPATH_SEARCH_PATHS = "$(inherited) @executable_path/Frameworks";
				PRODUCT_BUNDLE_IDENTIFIER = wushangkun.SwiftGrammar;
				PRODUCT_NAME = "$(TARGET_NAME)";
				SWIFT_VERSION = 4.0;
				TARGETED_DEVICE_FAMILY = "1,2";
			};
			name = Debug;
		};
		BCFB8BF4204FC05900761379 /* Release */ = {
			isa = XCBuildConfiguration;
			buildSettings = {
				ASSETCATALOG_COMPILER_APPICON_NAME = AppIcon;
				CODE_SIGN_STYLE = Automatic;
				DEVELOPMENT_TEAM = VZQR35B6NE;
				INFOPLIST_FILE = "$(SRCROOT)/SwiftGrammar/Other/Info.plist";
				IPHONEOS_DEPLOYMENT_TARGET = 9.0;
				LD_RUNPATH_SEARCH_PATHS = "$(inherited) @executable_path/Frameworks";
				PRODUCT_BUNDLE_IDENTIFIER = wushangkun.SwiftGrammar;
				PRODUCT_NAME = "$(TARGET_NAME)";
				SWIFT_VERSION = 4.0;
				TARGETED_DEVICE_FAMILY = "1,2";
			};
			name = Release;
		};
/* End XCBuildConfiguration section */

/* Begin XCConfigurationList section */
		BCFB8BDB204FC05900761379 /* Build configuration list for PBXProject "SwiftGrammar" */ = {
			isa = XCConfigurationList;
			buildConfigurations = (
				BCFB8BF0204FC05900761379 /* Debug */,
				BCFB8BF1204FC05900761379 /* Release */,
			);
			defaultConfigurationIsVisible = 0;
			defaultConfigurationName = Release;
		};
		BCFB8BF2204FC05900761379 /* Build configuration list for PBXNativeTarget "SwiftGrammar" */ = {
			isa = XCConfigurationList;
			buildConfigurations = (
				BCFB8BF3204FC05900761379 /* Debug */,
				BCFB8BF4204FC05900761379 /* Release */,
			);
			defaultConfigurationIsVisible = 0;
			defaultConfigurationName = Release;
		};
/* End XCConfigurationList section */
	};
	rootObject = BCFB8BD8204FC05900761379 /* Project object */;
}
